PODS:
  - AppStarRate (0.1.0):
    - Blurberry (~> 0.1.0)
    - SnapKit (~> 5.6.0)
  - Blurberry (0.1.0)
  - SnapKit (5.6.0)

DEPENDENCIES:
  - AppStarRate (from `../`)

SPEC REPOS:
  trunk:
    - Blurberry
    - SnapKit

EXTERNAL SOURCES:
  AppStarRate:
    :path: "../"

SPEC CHECKSUMS:
  AppStarRate: 4622caf34243c1a9924296bd9c8a971c9ce469c5
  Blurberry: 361c1a4778ea0c46da25716b03d1344a4cf8fe01
  SnapKit: e01d52ebb8ddbc333eefe2132acf85c8227d9c25

PODFILE CHECKSUM: ceeaeef6e516b0a0f72e849ffc10742dc9a50990

COCOAPODS: 1.12.1
